// !$*UTF8*$!
{
	archiveVersion = 1;
	classes = {
	};
	objectVersion = 50;
	objects = {

/* Begin PBXBuildFile section */
		C701A90F21BCB72400AACD37 /* Subjects.swift in Sources */ = {isa = PBXBuildFile; fileRef = C701A90E21BCB72400AACD37 /* Subjects.swift */; };
		C75FA6D021D92FD600351961 /* Relays.swift in Sources */ = {isa = PBXBuildFile; fileRef = C75FA6CF21D92FD600351961 /* Relays.swift */; };
		C75FA6D221DB041200351961 /* RxExample.swift in Sources */ = {isa = PBXBuildFile; fileRef = C75FA6D121DB041200351961 /* RxExample.swift */; };
		C7A9217521BA13CD00F04EEA /* RxExamplesViewController.swift in Sources */ = {isa = PBXBuildFile; fileRef = C7A9217421BA13CD00F04EEA /* RxExamplesViewController.swift */; };
		C7A9217721BA1A7D00F04EEA /* UIView+Animate.swift in Sources */ = {isa = PBXBuildFile; fileRef = C7A9217621BA1A7D00F04EEA /* UIView+Animate.swift */; };
		C7A9CDBA21B8A1E900C9B3E7 /* AppDelegate.swift in Sources */ = {isa = PBXBuildFile; fileRef = C7A9CDB921B8A1E900C9B3E7 /* AppDelegate.swift */; };
		C7A9CDBC21B8A1E900C9B3E7 /* ObservableSequenceController.swift in Sources */ = {isa = PBXBuildFile; fileRef = C7A9CDBB21B8A1E900C9B3E7 /* ObservableSequenceController.swift */; };
		C7A9CDBF21B8A1E900C9B3E7 /* Main.storyboard in Resources */ = {isa = PBXBuildFile; fileRef = C7A9CDBD21B8A1E900C9B3E7 /* Main.storyboard */; };
		C7A9CDC121B8A1EC00C9B3E7 /* Assets.xcassets in Resources */ = {isa = PBXBuildFile; fileRef = C7A9CDC021B8A1EC00C9B3E7 /* Assets.xcassets */; };
		C7A9CDC421B8A1EC00C9B3E7 /* LaunchScreen.storyboard in Resources */ = {isa = PBXBuildFile; fileRef = C7A9CDC221B8A1EC00C9B3E7 /* LaunchScreen.storyboard */; };
		C7A9CDCF21B8A1EC00C9B3E7 /* RxSwift101Tests.swift in Sources */ = {isa = PBXBuildFile; fileRef = C7A9CDCE21B8A1EC00C9B3E7 /* RxSwift101Tests.swift */; };
		C7A9CDE521B8A43600C9B3E7 /* Quick.framework in Frameworks */ = {isa = PBXBuildFile; fileRef = C7A9CDE221B8A43600C9B3E7 /* Quick.framework */; };
		C7A9CDE621B8A43600C9B3E7 /* Nimble.framework in Frameworks */ = {isa = PBXBuildFile; fileRef = C7A9CDE321B8A43600C9B3E7 /* Nimble.framework */; };
		C7A9CDE721B8A43600C9B3E7 /* RxTest.framework in Frameworks */ = {isa = PBXBuildFile; fileRef = C7A9CDE421B8A43600C9B3E7 /* RxTest.framework */; };
		C7A9CDF121B8A4B000C9B3E7 /* RxAtomic.framework in Frameworks */ = {isa = PBXBuildFile; fileRef = C7A9CDDB21B8A40A00C9B3E7 /* RxAtomic.framework */; };
		C7A9CDF221B8A4B000C9B3E7 /* RxAtomic.framework in Embed Frameworks */ = {isa = PBXBuildFile; fileRef = C7A9CDDB21B8A40A00C9B3E7 /* RxAtomic.framework */; settings = {ATTRIBUTES = (CodeSignOnCopy, RemoveHeadersOnCopy, ); }; };
		C7A9CDF321B8A4B000C9B3E7 /* RxBlocking.framework in Frameworks */ = {isa = PBXBuildFile; fileRef = C7A9CDDC21B8A40A00C9B3E7 /* RxBlocking.framework */; };
		C7A9CDF421B8A4B000C9B3E7 /* RxBlocking.framework in Embed Frameworks */ = {isa = PBXBuildFile; fileRef = C7A9CDDC21B8A40A00C9B3E7 /* RxBlocking.framework */; settings = {ATTRIBUTES = (CodeSignOnCopy, RemoveHeadersOnCopy, ); }; };
		C7A9CDF521B8A4B000C9B3E7 /* RxCocoa.framework in Frameworks */ = {isa = PBXBuildFile; fileRef = C7A9CDDD21B8A40A00C9B3E7 /* RxCocoa.framework */; };
		C7A9CDF621B8A4B000C9B3E7 /* RxCocoa.framework in Embed Frameworks */ = {isa = PBXBuildFile; fileRef = C7A9CDDD21B8A40A00C9B3E7 /* RxCocoa.framework */; settings = {ATTRIBUTES = (CodeSignOnCopy, RemoveHeadersOnCopy, ); }; };
		C7A9CDF721B8A4B000C9B3E7 /* RxSwift.framework in Frameworks */ = {isa = PBXBuildFile; fileRef = C7A9CDDA21B8A40A00C9B3E7 /* RxSwift.framework */; };
		C7A9CDF821B8A4B000C9B3E7 /* RxSwift.framework in Embed Frameworks */ = {isa = PBXBuildFile; fileRef = C7A9CDDA21B8A40A00C9B3E7 /* RxSwift.framework */; settings = {ATTRIBUTES = (CodeSignOnCopy, RemoveHeadersOnCopy, ); }; };
		C7A9CDFB21B8A4E800C9B3E7 /* Observables.swift in Sources */ = {isa = PBXBuildFile; fileRef = C7A9CDFA21B8A4E800C9B3E7 /* Observables.swift */; };
/* End PBXBuildFile section */

/* Begin PBXContainerItemProxy section */
		C7A9CDCB21B8A1EC00C9B3E7 /* PBXContainerItemProxy */ = {
			isa = PBXContainerItemProxy;
			containerPortal = C7A9CDAE21B8A1E900C9B3E7 /* Project object */;
			proxyType = 1;
			remoteGlobalIDString = C7A9CDB521B8A1E900C9B3E7;
			remoteInfo = RxSwift101;
		};
/* End PBXContainerItemProxy section */

/* Begin PBXCopyFilesBuildPhase section */
		C7A9CDF921B8A4B000C9B3E7 /* Embed Frameworks */ = {
			isa = PBXCopyFilesBuildPhase;
			buildActionMask = 2147483647;
			dstPath = "";
			dstSubfolderSpec = 10;
			files = (
				C7A9CDF821B8A4B000C9B3E7 /* RxSwift.framework in Embed Frameworks */,
				C7A9CDF621B8A4B000C9B3E7 /* RxCocoa.framework in Embed Frameworks */,
				C7A9CDF221B8A4B000C9B3E7 /* RxAtomic.framework in Embed Frameworks */,
				C7A9CDF421B8A4B000C9B3E7 /* RxBlocking.framework in Embed Frameworks */,
			);
			name = "Embed Frameworks";
			runOnlyForDeploymentPostprocessing = 0;
		};
/* End PBXCopyFilesBuildPhase section */

/* Begin PBXFileReference section */
		C701A90E21BCB72400AACD37 /* Subjects.swift */ = {isa = PBXFileReference; lastKnownFileType = sourcecode.swift; path = Subjects.swift; sourceTree = "<group>"; };
		C75FA6CF21D92FD600351961 /* Relays.swift */ = {isa = PBXFileReference; lastKnownFileType = sourcecode.swift; path = Relays.swift; sourceTree = "<group>"; };
		C75FA6D121DB041200351961 /* RxExample.swift */ = {isa = PBXFileReference; lastKnownFileType = sourcecode.swift; path = RxExample.swift; sourceTree = "<group>"; };
		C7A9217421BA13CD00F04EEA /* RxExamplesViewController.swift */ = {isa = PBXFileReference; lastKnownFileType = sourcecode.swift; path = RxExamplesViewController.swift; sourceTree = "<group>"; };
		C7A9217621BA1A7D00F04EEA /* UIView+Animate.swift */ = {isa = PBXFileReference; lastKnownFileType = sourcecode.swift; path = "UIView+Animate.swift"; sourceTree = "<group>"; };
		C7A9CDB621B8A1E900C9B3E7 /* RxSwift101.app */ = {isa = PBXFileReference; explicitFileType = wrapper.application; includeInIndex = 0; path = RxSwift101.app; sourceTree = BUILT_PRODUCTS_DIR; };
		C7A9CDB921B8A1E900C9B3E7 /* AppDelegate.swift */ = {isa = PBXFileReference; lastKnownFileType = sourcecode.swift; path = AppDelegate.swift; sourceTree = "<group>"; };
		C7A9CDBB21B8A1E900C9B3E7 /* ObservableSequenceController.swift */ = {isa = PBXFileReference; lastKnownFileType = sourcecode.swift; path = ObservableSequenceController.swift; sourceTree = "<group>"; };
		C7A9CDBE21B8A1E900C9B3E7 /* Base */ = {isa = PBXFileReference; lastKnownFileType = file.storyboard; name = Base; path = Base.lproj/Main.storyboard; sourceTree = "<group>"; };
		C7A9CDC021B8A1EC00C9B3E7 /* Assets.xcassets */ = {isa = PBXFileReference; lastKnownFileType = folder.assetcatalog; path = Assets.xcassets; sourceTree = "<group>"; };
		C7A9CDC321B8A1EC00C9B3E7 /* Base */ = {isa = PBXFileReference; lastKnownFileType = file.storyboard; name = Base; path = Base.lproj/LaunchScreen.storyboard; sourceTree = "<group>"; };
		C7A9CDC521B8A1EC00C9B3E7 /* Info.plist */ = {isa = PBXFileReference; lastKnownFileType = text.plist.xml; path = Info.plist; sourceTree = "<group>"; };
		C7A9CDCA21B8A1EC00C9B3E7 /* RxSwift101Tests.xctest */ = {isa = PBXFileReference; explicitFileType = wrapper.cfbundle; includeInIndex = 0; path = RxSwift101Tests.xctest; sourceTree = BUILT_PRODUCTS_DIR; };
		C7A9CDCE21B8A1EC00C9B3E7 /* RxSwift101Tests.swift */ = {isa = PBXFileReference; lastKnownFileType = sourcecode.swift; path = RxSwift101Tests.swift; sourceTree = "<group>"; };
		C7A9CDD021B8A1EC00C9B3E7 /* Info.plist */ = {isa = PBXFileReference; lastKnownFileType = text.plist.xml; path = Info.plist; sourceTree = "<group>"; };
		C7A9CDDA21B8A40A00C9B3E7 /* RxSwift.framework */ = {isa = PBXFileReference; lastKnownFileType = wrapper.framework; name = RxSwift.framework; path = Carthage/Build/iOS/RxSwift.framework; sourceTree = "<group>"; };
		C7A9CDDB21B8A40A00C9B3E7 /* RxAtomic.framework */ = {isa = PBXFileReference; lastKnownFileType = wrapper.framework; name = RxAtomic.framework; path = Carthage/Build/iOS/RxAtomic.framework; sourceTree = "<group>"; };
		C7A9CDDC21B8A40A00C9B3E7 /* RxBlocking.framework */ = {isa = PBXFileReference; lastKnownFileType = wrapper.framework; name = RxBlocking.framework; path = Carthage/Build/iOS/RxBlocking.framework; sourceTree = "<group>"; };
		C7A9CDDD21B8A40A00C9B3E7 /* RxCocoa.framework */ = {isa = PBXFileReference; lastKnownFileType = wrapper.framework; name = RxCocoa.framework; path = Carthage/Build/iOS/RxCocoa.framework; sourceTree = "<group>"; };
		C7A9CDE221B8A43600C9B3E7 /* Quick.framework */ = {isa = PBXFileReference; lastKnownFileType = wrapper.framework; name = Quick.framework; path = Carthage/Build/iOS/Quick.framework; sourceTree = "<group>"; };
		C7A9CDE321B8A43600C9B3E7 /* Nimble.framework */ = {isa = PBXFileReference; lastKnownFileType = wrapper.framework; name = Nimble.framework; path = Carthage/Build/iOS/Nimble.framework; sourceTree = "<group>"; };
		C7A9CDE421B8A43600C9B3E7 /* RxTest.framework */ = {isa = PBXFileReference; lastKnownFileType = wrapper.framework; name = RxTest.framework; path = Carthage/Build/iOS/RxTest.framework; sourceTree = "<group>"; };
		C7A9CDFA21B8A4E800C9B3E7 /* Observables.swift */ = {isa = PBXFileReference; lastKnownFileType = sourcecode.swift; path = Observables.swift; sourceTree = "<group>"; };
/* End PBXFileReference section */

/* Begin PBXFrameworksBuildPhase section */
		C7A9CDB321B8A1E900C9B3E7 /* Frameworks */ = {
			isa = PBXFrameworksBuildPhase;
			buildActionMask = 2147483647;
			files = (
				C7A9CDF721B8A4B000C9B3E7 /* RxSwift.framework in Frameworks */,
				C7A9CDF521B8A4B000C9B3E7 /* RxCocoa.framework in Frameworks */,
				C7A9CDF121B8A4B000C9B3E7 /* RxAtomic.framework in Frameworks */,
				C7A9CDF321B8A4B000C9B3E7 /* RxBlocking.framework in Frameworks */,
			);
			runOnlyForDeploymentPostprocessing = 0;
		};
		C7A9CDC721B8A1EC00C9B3E7 /* Frameworks */ = {
			isa = PBXFrameworksBuildPhase;
			buildActionMask = 2147483647;
			files = (
				C7A9CDE521B8A43600C9B3E7 /* Quick.framework in Frameworks */,
				C7A9CDE621B8A43600C9B3E7 /* Nimble.framework in Frameworks */,
				C7A9CDE721B8A43600C9B3E7 /* RxTest.framework in Frameworks */,
			);
			runOnlyForDeploymentPostprocessing = 0;
		};
/* End PBXFrameworksBuildPhase section */

/* Begin PBXGroup section */
		C75FA6CC21D5C28F00351961 /* Factories */ = {
			isa = PBXGroup;
			children = (
				C7A9CDFA21B8A4E800C9B3E7 /* Observables.swift */,
				C701A90E21BCB72400AACD37 /* Subjects.swift */,
				C75FA6CF21D92FD600351961 /* Relays.swift */,
			);
			name = Factories;
			sourceTree = "<group>";
		};
		C75FA6CD21D5C2A300351961 /* UI */ = {
			isa = PBXGroup;
			children = (
				C7A9217621BA1A7D00F04EEA /* UIView+Animate.swift */,
				C7A9CDBB21B8A1E900C9B3E7 /* ObservableSequenceController.swift */,
				C7A9217421BA13CD00F04EEA /* RxExamplesViewController.swift */,
				C75FA6D121DB041200351961 /* RxExample.swift */,
			);
			name = UI;
			sourceTree = "<group>";
		};
		C7A9CDAD21B8A1E900C9B3E7 = {
			isa = PBXGroup;
			children = (
				C7A9CDB821B8A1E900C9B3E7 /* RxSwift101 */,
				C7A9CDCD21B8A1EC00C9B3E7 /* RxSwift101Tests */,
				C7A9CDB721B8A1E900C9B3E7 /* Products */,
				C7A9CDD921B8A40900C9B3E7 /* Frameworks */,
			);
			sourceTree = "<group>";
		};
		C7A9CDB721B8A1E900C9B3E7 /* Products */ = {
			isa = PBXGroup;
			children = (
				C7A9CDB621B8A1E900C9B3E7 /* RxSwift101.app */,
				C7A9CDCA21B8A1EC00C9B3E7 /* RxSwift101Tests.xctest */,
			);
			name = Products;
			sourceTree = "<group>";
		};
		C7A9CDB821B8A1E900C9B3E7 /* RxSwift101 */ = {
			isa = PBXGroup;
			children = (
				C75FA6CD21D5C2A300351961 /* UI */,
				C75FA6CC21D5C28F00351961 /* Factories */,
				C7A9CDB921B8A1E900C9B3E7 /* AppDelegate.swift */,
				C7A9CDBD21B8A1E900C9B3E7 /* Main.storyboard */,
				C7A9CDC021B8A1EC00C9B3E7 /* Assets.xcassets */,
				C7A9CDC221B8A1EC00C9B3E7 /* LaunchScreen.storyboard */,
				C7A9CDC521B8A1EC00C9B3E7 /* Info.plist */,
			);
			path = RxSwift101;
			sourceTree = "<group>";
		};
		C7A9CDCD21B8A1EC00C9B3E7 /* RxSwift101Tests */ = {
			isa = PBXGroup;
			children = (
				C7A9CDCE21B8A1EC00C9B3E7 /* RxSwift101Tests.swift */,
				C7A9CDD021B8A1EC00C9B3E7 /* Info.plist */,
			);
			path = RxSwift101Tests;
			sourceTree = "<group>";
		};
		C7A9CDD921B8A40900C9B3E7 /* Frameworks */ = {
			isa = PBXGroup;
			children = (
				C7A9CDE321B8A43600C9B3E7 /* Nimble.framework */,
				C7A9CDE221B8A43600C9B3E7 /* Quick.framework */,
				C7A9CDE421B8A43600C9B3E7 /* RxTest.framework */,
				C7A9CDDB21B8A40A00C9B3E7 /* RxAtomic.framework */,
				C7A9CDDC21B8A40A00C9B3E7 /* RxBlocking.framework */,
				C7A9CDDD21B8A40A00C9B3E7 /* RxCocoa.framework */,
				C7A9CDDA21B8A40A00C9B3E7 /* RxSwift.framework */,
			);
			name = Frameworks;
			sourceTree = "<group>";
		};
/* End PBXGroup section */

/* Begin PBXNativeTarget section */
		C7A9CDB521B8A1E900C9B3E7 /* RxSwift101 */ = {
			isa = PBXNativeTarget;
			buildConfigurationList = C7A9CDD321B8A1EC00C9B3E7 /* Build configuration list for PBXNativeTarget "RxSwift101" */;
			buildPhases = (
				C7A9CDB221B8A1E900C9B3E7 /* Sources */,
				C7A9CDB321B8A1E900C9B3E7 /* Frameworks */,
				C7A9CDB421B8A1E900C9B3E7 /* Resources */,
				C7A9CDF921B8A4B000C9B3E7 /* Embed Frameworks */,
			);
			buildRules = (
			);
			dependencies = (
			);
			name = RxSwift101;
			productName = RxSwift101;
			productReference = C7A9CDB621B8A1E900C9B3E7 /* RxSwift101.app */;
			productType = "com.apple.product-type.application";
		};
		C7A9CDC921B8A1EC00C9B3E7 /* RxSwift101Tests */ = {
			isa = PBXNativeTarget;
			buildConfigurationList = C7A9CDD621B8A1EC00C9B3E7 /* Build configuration list for PBXNativeTarget "RxSwift101Tests" */;
			buildPhases = (
				C7A9CDC621B8A1EC00C9B3E7 /* Sources */,
				C7A9CDC721B8A1EC00C9B3E7 /* Frameworks */,
				C7A9CDC821B8A1EC00C9B3E7 /* Resources */,
			);
			buildRules = (
			);
			dependencies = (
				C7A9CDCC21B8A1EC00C9B3E7 /* PBXTargetDependency */,
			);
			name = RxSwift101Tests;
			productName = RxSwift101Tests;
			productReference = C7A9CDCA21B8A1EC00C9B3E7 /* RxSwift101Tests.xctest */;
			productType = "com.apple.product-type.bundle.unit-test";
		};
/* End PBXNativeTarget section */

/* Begin PBXProject section */
		C7A9CDAE21B8A1E900C9B3E7 /* Project object */ = {
			isa = PBXProject;
			attributes = {
				LastSwiftUpdateCheck = 1010;
				LastUpgradeCheck = 1010;
				ORGANIZATIONNAME = "Siddarth Kalra";
				TargetAttributes = {
					C7A9CDB521B8A1E900C9B3E7 = {
						CreatedOnToolsVersion = 10.1;
					};
					C7A9CDC921B8A1EC00C9B3E7 = {
						CreatedOnToolsVersion = 10.1;
						TestTargetID = C7A9CDB521B8A1E900C9B3E7;
					};
				};
			};
			buildConfigurationList = C7A9CDB121B8A1E900C9B3E7 /* Build configuration list for PBXProject "RxSwift101" */;
			compatibilityVersion = "Xcode 9.3";
			developmentRegion = en;
			hasScannedForEncodings = 0;
			knownRegions = (
				en,
				Base,
			);
			mainGroup = C7A9CDAD21B8A1E900C9B3E7;
			productRefGroup = C7A9CDB721B8A1E900C9B3E7 /* Products */;
			projectDirPath = "";
			projectRoot = "";
			targets = (
				C7A9CDB521B8A1E900C9B3E7 /* RxSwift101 */,
				C7A9CDC921B8A1EC00C9B3E7 /* RxSwift101Tests */,
			);
		};
/* End PBXProject section */

/* Begin PBXResourcesBuildPhase section */
		C7A9CDB421B8A1E900C9B3E7 /* Resources */ = {
			isa = PBXResourcesBuildPhase;
			buildActionMask = 2147483647;
			files = (
				C7A9CDC421B8A1EC00C9B3E7 /* LaunchScreen.storyboard in Resources */,
				C7A9CDC121B8A1EC00C9B3E7 /* Assets.xcassets in Resources */,
				C7A9CDBF21B8A1E900C9B3E7 /* Main.storyboard in Resources */,
			);
			runOnlyForDeploymentPostprocessing = 0;
		};
		C7A9CDC821B8A1EC00C9B3E7 /* Resources */ = {
			isa = PBXResourcesBuildPhase;
			buildActionMask = 2147483647;
			files = (
			);
			runOnlyForDeploymentPostprocessing = 0;
		};
/* End PBXResourcesBuildPhase section */

/* Begin PBXSourcesBuildPhase section */
		C7A9CDB221B8A1E900C9B3E7 /* Sources */ = {
			isa = PBXSourcesBuildPhase;
			buildActionMask = 2147483647;
			files = (
				C75FA6D221DB041200351961 /* RxExample.swift in Sources */,
				C701A90F21BCB72400AACD37 /* Subjects.swift in Sources */,
				C7A9217721BA1A7D00F04EEA /* UIView+Animate.swift in Sources */,
				C7A9CDBC21B8A1E900C9B3E7 /* ObservableSequenceController.swift in Sources */,
				C7A9217521BA13CD00F04EEA /* RxExamplesViewController.swift in Sources */,
				C75FA6D021D92FD600351961 /* Relays.swift in Sources */,
				C7A9CDBA21B8A1E900C9B3E7 /* AppDelegate.swift in Sources */,
				C7A9CDFB21B8A4E800C9B3E7 /* Observables.swift in Sources */,
			);
			runOnlyForDeploymentPostprocessing = 0;
		};
		C7A9CDC621B8A1EC00C9B3E7 /* Sources */ = {
			isa = PBXSourcesBuildPhase;
			buildActionMask = 2147483647;
			files = (
				C7A9CDCF21B8A1EC00C9B3E7 /* RxSwift101Tests.swift in Sources */,
			);
			runOnlyForDeploymentPostprocessing = 0;
		};
/* End PBXSourcesBuildPhase section */

/* Begin PBXTargetDependency section */
		C7A9CDCC21B8A1EC00C9B3E7 /* PBXTargetDependency */ = {
			isa = PBXTargetDependency;
			target = C7A9CDB521B8A1E900C9B3E7 /* RxSwift101 */;
			targetProxy = C7A9CDCB21B8A1EC00C9B3E7 /* PBXContainerItemProxy */;
		};
/* End PBXTargetDependency section */

/* Begin PBXVariantGroup section */
		C7A9CDBD21B8A1E900C9B3E7 /* Main.storyboard */ = {
			isa = PBXVariantGroup;
			children = (
				C7A9CDBE21B8A1E900C9B3E7 /* Base */,
			);
			name = Main.storyboard;
			sourceTree = "<group>";
		};
		C7A9CDC221B8A1EC00C9B3E7 /* LaunchScreen.storyboard */ = {
			isa = PBXVariantGroup;
			children = (
				C7A9CDC321B8A1EC00C9B3E7 /* Base */,
			);
			name = LaunchScreen.storyboard;
			sourceTree = "<group>";
		};
/* End PBXVariantGroup section */

/* Begin XCBuildConfiguration section */
		C7A9CDD121B8A1EC00C9B3E7 /* Debug */ = {
			isa = XCBuildConfiguration;
			buildSettings = {
				ALWAYS_SEARCH_USER_PATHS = NO;
				CLANG_ANALYZER_NONNULL = YES;
				CLANG_ANALYZER_NUMBER_OBJECT_CONVERSION = YES_AGGRESSIVE;
				CLANG_CXX_LANGUAGE_STANDARD = "gnu++14";
				CLANG_CXX_LIBRARY = "libc++";
				CLANG_ENABLE_MODULES = YES;
				CLANG_ENABLE_OBJC_ARC = YES;
				CLANG_ENABLE_OBJC_WEAK = YES;
				CLANG_WARN_BLOCK_CAPTURE_AUTORELEASING = YES;
				CLANG_WARN_BOOL_CONVERSION = YES;
				CLANG_WARN_COMMA = YES;
				CLANG_WARN_CONSTANT_CONVERSION = YES;
				CLANG_WARN_DEPRECATED_OBJC_IMPLEMENTATIONS = YES;
				CLANG_WARN_DIRECT_OBJC_ISA_USAGE = YES_ERROR;
				CLANG_WARN_DOCUMENTATION_COMMENTS = YES;
				CLANG_WARN_EMPTY_BODY = YES;
				CLANG_WARN_ENUM_CONVERSION = YES;
				CLANG_WARN_INFINITE_RECURSION = YES;
				CLANG_WARN_INT_CONVERSION = YES;
				CLANG_WARN_NON_LITERAL_NULL_CONVERSION = YES;
				CLANG_WARN_OBJC_IMPLICIT_RETAIN_SELF = YES;
				CLANG_WARN_OBJC_LITERAL_CONVERSION = YES;
				CLANG_WARN_OBJC_ROOT_CLASS = YES_ERROR;
				CLANG_WARN_RANGE_LOOP_ANALYSIS = YES;
				CLANG_WARN_STRICT_PROTOTYPES = YES;
				CLANG_WARN_SUSPICIOUS_MOVE = YES;
				CLANG_WARN_UNGUARDED_AVAILABILITY = YES_AGGRESSIVE;
				CLANG_WARN_UNREACHABLE_CODE = YES;
				CLANG_WARN__DUPLICATE_METHOD_MATCH = YES;
				CODE_SIGN_IDENTITY = "iPhone Developer";
				COPY_PHASE_STRIP = NO;
				DEBUG_INFORMATION_FORMAT = dwarf;
				ENABLE_STRICT_OBJC_MSGSEND = YES;
				ENABLE_TESTABILITY = YES;
				GCC_C_LANGUAGE_STANDARD = gnu11;
				GCC_DYNAMIC_NO_PIC = NO;
				GCC_NO_COMMON_BLOCKS = YES;
				GCC_OPTIMIZATION_LEVEL = 0;
				GCC_PREPROCESSOR_DEFINITIONS = (
					"DEBUG=1",
					"$(inherited)",
				);
				GCC_WARN_64_TO_32_BIT_CONVERSION = YES;
				GCC_WARN_ABOUT_RETURN_TYPE = YES_ERROR;
				GCC_WARN_UNDECLARED_SELECTOR = YES;
				GCC_WARN_UNINITIALIZED_AUTOS = YES_AGGRESSIVE;
				GCC_WARN_UNUSED_FUNCTION = YES;
				GCC_WARN_UNUSED_VARIABLE = YES;
				IPHONEOS_DEPLOYMENT_TARGET = 12.1;
				MTL_ENABLE_DEBUG_INFO = INCLUDE_SOURCE;
				MTL_FAST_MATH = YES;
				ONLY_ACTIVE_ARCH = YES;
				SDKROOT = iphoneos;
				SWIFT_ACTIVE_COMPILATION_CONDITIONS = DEBUG;
				SWIFT_OPTIMIZATION_LEVEL = "-Onone";
			};
			name = Debug;
		};
		C7A9CDD221B8A1EC00C9B3E7 /* Release */ = {
			isa = XCBuildConfiguration;
			buildSettings = {
				ALWAYS_SEARCH_USER_PATHS = NO;
				CLANG_ANALYZER_NONNULL = YES;
				CLANG_ANALYZER_NUMBER_OBJECT_CONVERSION = YES_AGGRESSIVE;
				CLANG_CXX_LANGUAGE_STANDARD = "gnu++14";
				CLANG_CXX_LIBRARY = "libc++";
				CLANG_ENABLE_MODULES = YES;
				CLANG_ENABLE_OBJC_ARC = YES;
				CLANG_ENABLE_OBJC_WEAK = YES;
				CLANG_WARN_BLOCK_CAPTURE_AUTORELEASING = YES;
				CLANG_WARN_BOOL_CONVERSION = YES;
				CLANG_WARN_COMMA = YES;
				CLANG_WARN_CONSTANT_CONVERSION = YES;
				CLANG_WARN_DEPRECATED_OBJC_IMPLEMENTATIONS = YES;
				CLANG_WARN_DIRECT_OBJC_ISA_USAGE = YES_ERROR;
				CLANG_WARN_DOCUMENTATION_COMMENTS = YES;
				CLANG_WARN_EMPTY_BODY = YES;
				CLANG_WARN_ENUM_CONVERSION = YES;
				CLANG_WARN_INFINITE_RECURSION = YES;
				CLANG_WARN_INT_CONVERSION = YES;
				CLANG_WARN_NON_LITERAL_NULL_CONVERSION = YES;
				CLANG_WARN_OBJC_IMPLICIT_RETAIN_SELF = YES;
				CLANG_WARN_OBJC_LITERAL_CONVERSION = YES;
				CLANG_WARN_OBJC_ROOT_CLASS = YES_ERROR;
				CLANG_WARN_RANGE_LOOP_ANALYSIS = YES;
				CLANG_WARN_STRICT_PROTOTYPES = YES;
				CLANG_WARN_SUSPICIOUS_MOVE = YES;
				CLANG_WARN_UNGUARDED_AVAILABILITY = YES_AGGRESSIVE;
				CLANG_WARN_UNREACHABLE_CODE = YES;
				CLANG_WARN__DUPLICATE_METHOD_MATCH = YES;
				CODE_SIGN_IDENTITY = "iPhone Developer";
				COPY_PHASE_STRIP = NO;
				DEBUG_INFORMATION_FORMAT = "dwarf-with-dsym";
				ENABLE_NS_ASSERTIONS = NO;
				ENABLE_STRICT_OBJC_MSGSEND = YES;
				GCC_C_LANGUAGE_STANDARD = gnu11;
				GCC_NO_COMMON_BLOCKS = YES;
				GCC_WARN_64_TO_32_BIT_CONVERSION = YES;
				GCC_WARN_ABOUT_RETURN_TYPE = YES_ERROR;
				GCC_WARN_UNDECLARED_SELECTOR = YES;
				GCC_WARN_UNINITIALIZED_AUTOS = YES_AGGRESSIVE;
				GCC_WARN_UNUSED_FUNCTION = YES;
				GCC_WARN_UNUSED_VARIABLE = YES;
				IPHONEOS_DEPLOYMENT_TARGET = 12.1;
				MTL_ENABLE_DEBUG_INFO = NO;
				MTL_FAST_MATH = YES;
				SDKROOT = iphoneos;
				SWIFT_COMPILATION_MODE = wholemodule;
				SWIFT_OPTIMIZATION_LEVEL = "-O";
				VALIDATE_PRODUCT = YES;
			};
			name = Release;
		};
		C7A9CDD421B8A1EC00C9B3E7 /* Debug */ = {
			isa = XCBuildConfiguration;
			buildSettings = {
				ASSETCATALOG_COMPILER_APPICON_NAME = AppIcon;
				CODE_SIGN_STYLE = Automatic;
				DEVELOPMENT_TEAM = R8HVB85AU9;
				FRAMEWORK_SEARCH_PATHS = (
					"$(inherited)",
					"$(PROJECT_DIR)/Carthage/Build/iOS",
				);
				INFOPLIST_FILE = RxSwift101/Info.plist;
				LD_RUNPATH_SEARCH_PATHS = (
					"$(inherited)",
					"@executable_path/Frameworks",
				);
				PRODUCT_BUNDLE_IDENTIFIER = com.touchbistro.RxSwift101;
				PRODUCT_NAME = "$(TARGET_NAME)";
				SWIFT_VERSION = 4.2;
				TARGETED_DEVICE_FAMILY = "1,2";
			};
			name = Debug;
		};
		C7A9CDD521B8A1EC00C9B3E7 /* Release */ = {
			isa = XCBuildConfiguration;
			buildSettings = {
				ASSETCATALOG_COMPILER_APPICON_NAME = AppIcon;
				CODE_SIGN_STYLE = Automatic;
				DEVELOPMENT_TEAM = R8HVB85AU9;
				FRAMEWORK_SEARCH_PATHS = (
					"$(inherited)",
					"$(PROJECT_DIR)/Carthage/Build/iOS",
				);
				INFOPLIST_FILE = RxSwift101/Info.plist;
				LD_RUNPATH_SEARCH_PATHS = (
					"$(inherited)",
					"@executable_path/Frameworks",
				);
				PRODUCT_BUNDLE_IDENTIFIER = com.touchbistro.RxSwift101;
				PRODUCT_NAME = "$(TARGET_NAME)";
				SWIFT_VERSION = 4.2;
				TARGETED_DEVICE_FAMILY = "1,2";
			};
			name = Release;
		};
		C7A9CDD721B8A1EC00C9B3E7 /* Debug */ = {
			isa = XCBuildConfiguration;
			buildSettings = {
				ALWAYS_EMBED_SWIFT_STANDARD_LIBRARIES = YES;
				BUNDLE_LOADER = "$(TEST_HOST)";
				CODE_SIGN_STYLE = Automatic;
				DEVELOPMENT_TEAM = R8HVB85AU9;
				FRAMEWORK_SEARCH_PATHS = (
					"$(inherited)",
					"$(PROJECT_DIR)/Carthage/Build/iOS",
				);
				INFOPLIST_FILE = RxSwift101Tests/Info.plist;
				LD_RUNPATH_SEARCH_PATHS = (
					"$(inherited)",
					"@executable_path/Frameworks",
					"@loader_path/Frameworks",
				);
				PRODUCT_BUNDLE_IDENTIFIER = com.touchbistro.RxSwift101Tests;
				PRODUCT_NAME = "$(TARGET_NAME)";
				SWIFT_VERSION = 4.2;
				TARGETED_DEVICE_FAMILY = "1,2";
				TEST_HOST = "$(BUILT_PRODUCTS_DIR)/RxSwift101.app/RxSwift101";
			};
			name = Debug;
		};
		C7A9CDD821B8A1EC00C9B3E7 /* Release */ = {
			isa = XCBuildConfiguration;
			buildSettings = {
				ALWAYS_EMBED_SWIFT_STANDARD_LIBRARIES = YES;
				BUNDLE_LOADER = "$(TEST_HOST)";
				CODE_SIGN_STYLE = Automatic;
				DEVELOPMENT_TEAM = R8HVB85AU9;
				FRAMEWORK_SEARCH_PATHS = (
					"$(inherited)",
					"$(PROJECT_DIR)/Carthage/Build/iOS",
				);
				INFOPLIST_FILE = RxSwift101Tests/Info.plist;
				LD_RUNPATH_SEARCH_PATHS = (
					"$(inherited)",
					"@executable_path/Frameworks",
					"@loader_path/Frameworks",
				);
				PRODUCT_BUNDLE_IDENTIFIER = com.touchbistro.RxSwift101Tests;
				PRODUCT_NAME = "$(TARGET_NAME)";
				SWIFT_VERSION = 4.2;
				TARGETED_DEVICE_FAMILY = "1,2";
				TEST_HOST = "$(BUILT_PRODUCTS_DIR)/RxSwift101.app/RxSwift101";
			};
			name = Release;
		};
/* End XCBuildConfiguration section */

/* Begin XCConfigurationList section */
		C7A9CDB121B8A1E900C9B3E7 /* Build configuration list for PBXProject "RxSwift101" */ = {
			isa = XCConfigurationList;
			buildConfigurations = (
				C7A9CDD121B8A1EC00C9B3E7 /* Debug */,
				C7A9CDD221B8A1EC00C9B3E7 /* Release */,
			);
			defaultConfigurationIsVisible = 0;
			defaultConfigurationName = Release;
		};
		C7A9CDD321B8A1EC00C9B3E7 /* Build configuration list for PBXNativeTarget "RxSwift101" */ = {
			isa = XCConfigurationList;
			buildConfigurations = (
				C7A9CDD421B8A1EC00C9B3E7 /* Debug */,
				C7A9CDD521B8A1EC00C9B3E7 /* Release */,
			);
			defaultConfigurationIsVisible = 0;
			defaultConfigurationName = Release;
		};
		C7A9CDD621B8A1EC00C9B3E7 /* Build configuration list for PBXNativeTarget "RxSwift101Tests" */ = {
			isa = XCConfigurationList;
			buildConfigurations = (
				C7A9CDD721B8A1EC00C9B3E7 /* Debug */,
				C7A9CDD821B8A1EC00C9B3E7 /* Release */,
			);
			defaultConfigurationIsVisible = 0;
			defaultConfigurationName = Release;
		};
/* End XCConfigurationList section */
	};
	rootObject = C7A9CDAE21B8A1E900C9B3E7 /* Project object */;
}
